{
    "version": 3,
    "terraform_version": "0.8.8",
    "serial": 0,
    "lineage": "2a5bc0ba-f7fc-45ae-8b50-fbe66f6cc51f",
    "modules": [
        {
            "path": [
                "root"
            ],
            "outputs": {
                "address": {
                    "sensitive": false,
                    "type": "string",
                    "value": "10.0.0.0/16"
                }
            },
            "resources": {
                "aws_eip.IG_eip": {
                    "type": "aws_eip",
                    "depends_on": [
                        "aws_internet_gateway.aws_ig"
                    ],
                    "primary": {
                        "id": "eipalloc-efe75fde",
                        "attributes": {
                            "association_id": "",
                            "domain": "vpc",
                            "id": "eipalloc-efe75fde",
                            "instance": "",
                            "network_interface": "",
                            "private_ip": "",
                            "public_ip": "34.206.48.46",
                            "vpc": "true"
                        },
                        "meta": {},
                        "tainted": false
                    },
                    "deposed": [],
                    "provider": ""
                },
                "aws_internet_gateway.aws_ig": {
                    "type": "aws_internet_gateway",
                    "depends_on": [
                        "aws_vpc.vpc_terraform_test"
                    ],
                    "primary": {
                        "id": "igw-dc4a44bb",
                        "attributes": {
                            "id": "igw-dc4a44bb",
                            "tags.%": "1",
                            "tags.Name": "InternetGateway",
                            "vpc_id": "vpc-4b662c2d"
                        },
                        "meta": {},
                        "tainted": false
                    },
                    "deposed": [],
                    "provider": ""
                },
                "aws_nat_gateway.aws_nat": {
                    "type": "aws_nat_gateway",
                    "depends_on": [
                        "aws_eip.IG_eip",
                        "aws_internet_gateway.aws_ig",
                        "aws_subnet.public_1_subnet_us_east_1a"
                    ],
                    "primary": {
                        "id": "nat-0a1f887ce733b8017",
                        "attributes": {
                            "allocation_id": "eipalloc-efe75fde",
                            "id": "nat-0a1f887ce733b8017",
                            "network_interface_id": "eni-2d81c9ce",
                            "private_ip": "10.0.3.28",
                            "public_ip": "34.206.48.46",
                            "subnet_id": "subnet-559f731d"
                        },
                        "meta": {},
                        "tainted": false
                    },
                    "deposed": [],
                    "provider": ""
                },
                "aws_route.internet_access": {
                    "type": "aws_route",
                    "depends_on": [
                        "aws_internet_gateway.aws_ig",
                        "aws_vpc.vpc_terraform_test"
                    ],
                    "primary": {
                        "id": "r-rtb-a166ffd81080289494",
                        "attributes": {
                            "destination_cidr_block": "0.0.0.0/0",
                            "destination_prefix_list_id": "",
                            "gateway_id": "igw-dc4a44bb",
                            "id": "r-rtb-a166ffd81080289494",
                            "instance_id": "",
                            "instance_owner_id": "",
                            "nat_gateway_id": "",
                            "network_interface_id": "",
                            "origin": "CreateRoute",
                            "route_table_id": "rtb-a166ffd8",
                            "state": "active",
                            "vpc_peering_connection_id": ""
                        },
                        "meta": {},
                        "tainted": false
                    },
                    "deposed": [],
                    "provider": ""
                },
                "aws_route.private_route": {
                    "type": "aws_route",
                    "depends_on": [
                        "aws_nat_gateway.aws_nat",
                        "aws_route_table.private_route_table"
                    ],
                    "primary": {
                        "id": "r-rtb-9e66ffe71080289494",
                        "attributes": {
                            "destination_cidr_block": "0.0.0.0/0",
                            "destination_prefix_list_id": "",
                            "gateway_id": "",
                            "id": "r-rtb-9e66ffe71080289494",
                            "instance_id": "",
                            "instance_owner_id": "",
                            "nat_gateway_id": "nat-0a1f887ce733b8017",
                            "network_interface_id": "",
                            "origin": "CreateRoute",
                            "route_table_id": "rtb-9e66ffe7",
                            "state": "active",
                            "vpc_peering_connection_id": ""
                        },
                        "meta": {},
                        "tainted": false
                    },
                    "deposed": [],
                    "provider": ""
                },
                "aws_route_table.private_route_table": {
                    "type": "aws_route_table",
                    "depends_on": [
                        "aws_vpc.vpc_terraform_test"
                    ],
                    "primary": {
                        "id": "rtb-9e66ffe7",
                        "attributes": {
                            "id": "rtb-9e66ffe7",
                            "propagating_vgws.#": "0",
                            "route.#": "0",
                            "tags.%": "1",
                            "tags.Name": "Private route table",
                            "vpc_id": "vpc-4b662c2d"
                        },
                        "meta": {},
                        "tainted": false
                    },
                    "deposed": [],
                    "provider": ""
                },
                "aws_route_table_association.private_1_subnet_us_east_1a_association": {
                    "type": "aws_route_table_association",
                    "depends_on": [
                        "aws_route_table.private_route_table",
                        "aws_subnet.private_1_subnet_us_east_1a"
                    ],
                    "primary": {
                        "id": "rtbassoc-26192e5e",
                        "attributes": {
                            "id": "rtbassoc-26192e5e",
                            "route_table_id": "rtb-9e66ffe7",
                            "subnet_id": "subnet-549f731c"
                        },
                        "meta": {},
                        "tainted": false
                    },
                    "deposed": [],
                    "provider": ""
                },
                "aws_route_table_association.private_1_subnet_us_east_1b_association": {
                    "type": "aws_route_table_association",
                    "depends_on": [
                        "aws_route_table.private_route_table",
                        "aws_subnet.private_2_subnet_us_east_1b"
                    ],
                    "primary": {
                        "id": "rtbassoc-27192e5f",
                        "attributes": {
                            "id": "rtbassoc-27192e5f",
                            "route_table_id": "rtb-9e66ffe7",
                            "subnet_id": "subnet-90b79fcb"
                        },
                        "meta": {},
                        "tainted": false
                    },
                    "deposed": [],
                    "provider": ""
                },
                "aws_route_table_association.public_1_subnet_us_east_1a_association": {
                    "type": "aws_route_table_association",
                    "depends_on": [
                        "aws_subnet.public_1_subnet_us_east_1a",
                        "aws_vpc.vpc_terraform_test"
                    ],
                    "primary": {
                        "id": "rtbassoc-19192e61",
                        "attributes": {
                            "id": "rtbassoc-19192e61",
                            "route_table_id": "rtb-a166ffd8",
                            "subnet_id": "subnet-559f731d"
                        },
                        "meta": {},
                        "tainted": false
                    },
                    "deposed": [],
                    "provider": ""
                },
                "aws_route_table_association.public_1_subnet_us_east_1b_association": {
                    "type": "aws_route_table_association",
                    "depends_on": [
                        "aws_subnet.public_2_subnet_us_east_1b",
                        "aws_vpc.vpc_terraform_test"
                    ],
                    "primary": {
                        "id": "rtbassoc-09192e71",
                        "attributes": {
                            "id": "rtbassoc-09192e71",
                            "route_table_id": "rtb-a166ffd8",
                            "subnet_id": "subnet-97b79fcc"
                        },
                        "meta": {},
                        "tainted": false
                    },
                    "deposed": [],
                    "provider": ""
                },
                "aws_subnet.private_1_subnet_us_east_1a": {
                    "type": "aws_subnet",
                    "depends_on": [
                        "aws_vpc.vpc_terraform_test"
                    ],
                    "primary": {
                        "id": "subnet-549f731c",
                        "attributes": {
                            "assign_ipv6_address_on_creation": "false",
                            "availability_zone": "us-east-1a",
                            "cidr_block": "10.0.1.0/24",
                            "id": "subnet-549f731c",
                            "map_public_ip_on_launch": "false",
                            "tags.%": "1",
                            "tags.Name": "Subnet private 1 az 1a",
                            "vpc_id": "vpc-4b662c2d"
                        },
                        "meta": {},
                        "tainted": false
                    },
                    "deposed": [],
                    "provider": ""
                },
                "aws_subnet.private_2_subnet_us_east_1b": {
                    "type": "aws_subnet",
                    "depends_on": [
                        "aws_vpc.vpc_terraform_test"
                    ],
                    "primary": {
                        "id": "subnet-90b79fcb",
                        "attributes": {
                            "assign_ipv6_address_on_creation": "false",
                            "availability_zone": "us-east-1b",
                            "cidr_block": "10.0.2.0/24",
                            "id": "subnet-90b79fcb",
                            "map_public_ip_on_launch": "false",
                            "tags.%": "1",
                            "tags.Name": "Subnet private 2 az 1b",
                            "vpc_id": "vpc-4b662c2d"
                        },
                        "meta": {},
                        "tainted": false
                    },
                    "deposed": [],
                    "provider": ""
                },
                "aws_subnet.public_1_subnet_us_east_1a": {
                    "type": "aws_subnet",
                    "depends_on": [
                        "aws_vpc.vpc_terraform_test"
                    ],
                    "primary": {
                        "id": "subnet-559f731d",
                        "attributes": {
                            "assign_ipv6_address_on_creation": "false",
                            "availability_zone": "us-east-1a",
                            "cidr_block": "10.0.3.0/24",
                            "id": "subnet-559f731d",
                            "map_public_ip_on_launch": "false",
                            "tags.%": "1",
                            "tags.Name": "Subnet public 1 az 1a",
                            "vpc_id": "vpc-4b662c2d"
                        },
                        "meta": {},
                        "tainted": false
                    },
                    "deposed": [],
                    "provider": ""
                },
                "aws_subnet.public_2_subnet_us_east_1b": {
                    "type": "aws_subnet",
                    "depends_on": [
                        "aws_vpc.vpc_terraform_test"
                    ],
                    "primary": {
                        "id": "subnet-97b79fcc",
                        "attributes": {
                            "assign_ipv6_address_on_creation": "false",
                            "availability_zone": "us-east-1b",
                            "cidr_block": "10.0.4.0/24",
                            "id": "subnet-97b79fcc",
                            "map_public_ip_on_launch": "false",
                            "tags.%": "1",
                            "tags.Name": "Subnet public 2 az 1b",
                            "vpc_id": "vpc-4b662c2d"
                        },
                        "meta": {},
                        "tainted": false
                    },
                    "deposed": [],
                    "provider": ""
                },
                "aws_vpc.vpc_terraform_test": {
                    "type": "aws_vpc",
                    "depends_on": [],
                    "primary": {
                        "id": "vpc-4b662c2d",
                        "attributes": {
                            "assign_generated_ipv6_cidr_block": "false",
                            "cidr_block": "10.0.0.0/16",
                            "default_network_acl_id": "acl-e912f690",
                            "default_route_table_id": "rtb-a166ffd8",
                            "default_security_group_id": "sg-39814346",
                            "dhcp_options_id": "dopt-dce4acbb",
                            "enable_classiclink": "false",
                            "enable_dns_hostnames": "true",
                            "enable_dns_support": "true",
                            "id": "vpc-4b662c2d",
                            "instance_tenancy": "default",
                            "main_route_table_id": "rtb-a166ffd8",
                            "tags.%": "1",
                            "tags.Name": "VPC_Terraform_Test"
                        },
                        "meta": {},
                        "tainted": false
                    },
                    "deposed": [],
                    "provider": ""
                }
            },
            "depends_on": []
        }
    ]
}
